{
	"name": "@xbb/xbb-form-app",
	"version": "1.0.0",
	"lockfileVersion": 1,
	"requires": true,
	"dependencies": {
		"babel-runtime": {
			"version": "6.26.0",
			"resolved": "https://registry.npmjs.org/babel-runtime/-/babel-runtime-6.26.0.tgz",
			"integrity": "sha1-llxwWGaOgrVde/4E/yM3vItWR/4=",
			"requires": {
				"core-js": "^2.4.0",
				"regenerator-runtime": "^0.11.0"
			}
		},
		"better-scroll": {
			"version": "1.15.2",
			"resolved": "https://registry.npmjs.org/better-scroll/-/better-scroll-1.15.2.tgz",
			"integrity": "sha512-sSY2N8I9/B+YX/9JpIz6pMQYnmBuvspBqZG4UxYaQEfz/ZWrnxwdyKLL4t6IKpFmxqtZadVypXw7vSSHxBZpBQ==",
			"requires": {
				"babel-runtime": "^6.0.0"
			}
		},
		"core-js": {
			"version": "2.6.12",
			"resolved": "https://registry.npmjs.org/core-js/-/core-js-2.6.12.tgz",
			"integrity": "sha512-Kb2wC0fvsWfQrgk8HU5lW6U/Lcs8+9aaYcy4ZFc6DDlo4nZ7n70dEgE5rtR0oG6ufKDUnrwfWL1mXR5ljDatrQ=="
		},
		"cube-ui": {
			"version": "1.12.5",
			"resolved": "https://registry.npmjs.org/cube-ui/-/cube-ui-1.12.5.tgz",
			"integrity": "sha512-c9Dku2k/qRWH5vJfQ4zHTT8vP79UftQUnFKcjd3VcEvHwUfivmyAP4SqvXwzYUwKDYA9+iuuHMyNPaUsK5mljQ==",
			"requires": {
				"better-scroll": "^1.12.6",
				"vue-create-api": "^0.2.0"
			}
		},
		"regenerator-runtime": {
			"version": "0.11.1",
			"resolved": "https://registry.npmjs.org/regenerator-runtime/-/regenerator-runtime-0.11.1.tgz",
			"integrity": "sha512-MguG95oij0fC3QV3URf4V2SDYGJhJnJGqvIIgdECeODCT98wSWDAJ94SSuVpYQUoTcGUIL6L4yNB7j1DFFHSBg=="
		},
		"vue": {
			"version": "2.6.12",
			"resolved": "https://registry.npmjs.org/vue/-/vue-2.6.12.tgz",
			"integrity": "sha512-uhmLFETqPPNyuLLbsKz6ioJ4q7AZHzD8ZVFNATNyICSZouqP2Sz0rotWQC8UNBF6VGSCs5abnKJoStA6JbCbfg=="
		},
		"vue-create-api": {
			"version": "0.2.3",
			"resolved": "https://registry.npmjs.org/vue-create-api/-/vue-create-api-0.2.3.tgz",
			"integrity": "sha512-qMyKatsGGwOKyMmRNDEubMZLzWoPU5SMq2YxU/O5bLPDTfBsEVftpyFFDGBgD4iaRmjLAsv3Cw3X9nU+jsiY7g=="
		}
	}
}
